// !$*UTF8*$!
{
	archiveVersion = 1;
	classes = {
	};
	objectVersion = 56;
	objects = {

/* Begin PBXBuildFile section */
		E800748E29D37F1C00E2E1CD /* Shortcuts_AddWarfarinDose.swift in Sources */ = {isa = PBXBuildFile; fileRef = E800748D29D37F1C00E2E1CD /* Shortcuts_AddWarfarinDose.swift */; };
		E81D41F329978A8D00835797 /* mInrApp.swift in Sources */ = {isa = PBXBuildFile; fileRef = E81D41F229978A8D00835797 /* mInrApp.swift */; };
		E81D41F529978A8D00835797 /* Persistence.swift in Sources */ = {isa = PBXBuildFile; fileRef = E81D41F429978A8D00835797 /* Persistence.swift */; };
		E81D41F829978A8D00835797 /* mInr.xcdatamodeld in Sources */ = {isa = PBXBuildFile; fileRef = E81D41F629978A8D00835797 /* mInr.xcdatamodeld */; };
		E81D41FA29978A8D00835797 /* ContentView.swift in Sources */ = {isa = PBXBuildFile; fileRef = E81D41F929978A8D00835797 /* ContentView.swift */; };
		E81D41FC29978A9000835797 /* Assets.xcassets in Resources */ = {isa = PBXBuildFile; fileRef = E81D41FB29978A9000835797 /* Assets.xcassets */; };
		E81D420029978A9000835797 /* Preview Assets.xcassets in Resources */ = {isa = PBXBuildFile; fileRef = E81D41FF29978A9000835797 /* Preview Assets.xcassets */; };
		E81D420A29978A9000835797 /* mInrTests.swift in Sources */ = {isa = PBXBuildFile; fileRef = E81D420929978A9000835797 /* mInrTests.swift */; };
		E81D421429978A9000835797 /* mInrUITests.swift in Sources */ = {isa = PBXBuildFile; fileRef = E81D421329978A9000835797 /* mInrUITests.swift */; };
		E81D421629978A9000835797 /* mInrUITestsLaunchTests.swift in Sources */ = {isa = PBXBuildFile; fileRef = E81D421529978A9000835797 /* mInrUITestsLaunchTests.swift */; };
		E81D4271299B4DCF00835797 /* AllWarfarinDataView.swift in Sources */ = {isa = PBXBuildFile; fileRef = E81D4270299B4DCF00835797 /* AllWarfarinDataView.swift */; };
		E81D4273299B7D8C00835797 /* EditWarfarinEntryView.swift in Sources */ = {isa = PBXBuildFile; fileRef = E81D4272299B7D8C00835797 /* EditWarfarinEntryView.swift */; };
		E820D23229B0743F008A2947 /* WarfarinCalendarView.swift in Sources */ = {isa = PBXBuildFile; fileRef = E820D23129B0743F008A2947 /* WarfarinCalendarView.swift */; };
		E84C909629F8C916009DF0E9 /* mInr.xcdatamodeld in Sources */ = {isa = PBXBuildFile; fileRef = E81D41F629978A8D00835797 /* mInr.xcdatamodeld */; };
		E84C909729F8D788009DF0E9 /* mINRDataModel.swift in Sources */ = {isa = PBXBuildFile; fileRef = E866012629D3870B00DCD60A /* mINRDataModel.swift */; };
		E84C909829F8D7F7009DF0E9 /* CoreDataPublisher.swift in Sources */ = {isa = PBXBuildFile; fileRef = E866012A29D3E23200DCD60A /* CoreDataPublisher.swift */; };
		E84C909929F8D7FA009DF0E9 /* ModelExtensions.swift in Sources */ = {isa = PBXBuildFile; fileRef = E866012C29D3E43100DCD60A /* ModelExtensions.swift */; };
		E84C909A29F8D7FF009DF0E9 /* Persistence.swift in Sources */ = {isa = PBXBuildFile; fileRef = E81D41F429978A8D00835797 /* Persistence.swift */; };
		E84C909D29FA3F53009DF0E9 /* Extension_URL.swift in Sources */ = {isa = PBXBuildFile; fileRef = E84C909C29FA3F53009DF0E9 /* Extension_URL.swift */; };
		E84C909E29FA3FB8009DF0E9 /* Extension_URL.swift in Sources */ = {isa = PBXBuildFile; fileRef = E84C909C29FA3F53009DF0E9 /* Extension_URL.swift */; };
		E84C90C929FA68AB009DF0E9 /* Chart.intentdefinition in Sources */ = {isa = PBXBuildFile; fileRef = E84C90C829FA68AB009DF0E9 /* Chart.intentdefinition */; };
		E84C90CA29FA6C53009DF0E9 /* Chart.intentdefinition in Sources */ = {isa = PBXBuildFile; fileRef = E84C90C829FA68AB009DF0E9 /* Chart.intentdefinition */; };
		E84C90CC29FBCCA1009DF0E9 /* Widget_Status-sm.swift in Sources */ = {isa = PBXBuildFile; fileRef = E84C90CB29FBCCA1009DF0E9 /* Widget_Status-sm.swift */; };
		E84C90CE29FC8E9A009DF0E9 /* CalendarExtension.swift in Sources */ = {isa = PBXBuildFile; fileRef = E84C90CD29FC8E9A009DF0E9 /* CalendarExtension.swift */; };
		E84C911129FDBE2E009DF0E9 /* SFSafariViewWrapper.swift in Sources */ = {isa = PBXBuildFile; fileRef = E84C911029FDBE2E009DF0E9 /* SFSafariViewWrapper.swift */; };
		E85255D329CED9EA0066E884 /* DateExtensions.swift in Sources */ = {isa = PBXBuildFile; fileRef = E85255D229CED9EA0066E884 /* DateExtensions.swift */; };
		E85255D529CFA6840066E884 /* AppStorageExtensions.swift in Sources */ = {isa = PBXBuildFile; fileRef = E85255D429CFA6840066E884 /* AppStorageExtensions.swift */; };
		E85255D729D039BC0066E884 /* TextExtensions.swift in Sources */ = {isa = PBXBuildFile; fileRef = E85255D629D039BC0066E884 /* TextExtensions.swift */; };
		E85255D929D2D8D20066E884 /* ViewExtensions.swift in Sources */ = {isa = PBXBuildFile; fileRef = E85255D829D2D8D20066E884 /* ViewExtensions.swift */; };
		E85255DB29D2DE480066E884 /* AddWarfarinView.swift in Sources */ = {isa = PBXBuildFile; fileRef = E85255DA29D2DE480066E884 /* AddWarfarinView.swift */; };
		E85255DD29D2DED10066E884 /* AddINRView.swift in Sources */ = {isa = PBXBuildFile; fileRef = E85255DC29D2DED10066E884 /* AddINRView.swift */; };
		E86067B129D2F0DE00151DCF /* BindingExtensions.swift in Sources */ = {isa = PBXBuildFile; fileRef = E86067B029D2F0DE00151DCF /* BindingExtensions.swift */; };
		E866012729D3870B00DCD60A /* mINRDataModel.swift in Sources */ = {isa = PBXBuildFile; fileRef = E866012629D3870B00DCD60A /* mINRDataModel.swift */; };
		E866012B29D3E23200DCD60A /* CoreDataPublisher.swift in Sources */ = {isa = PBXBuildFile; fileRef = E866012A29D3E23200DCD60A /* CoreDataPublisher.swift */; };
		E866012D29D3E43100DCD60A /* ModelExtensions.swift in Sources */ = {isa = PBXBuildFile; fileRef = E866012C29D3E43100DCD60A /* ModelExtensions.swift */; };
		E8739B3E29A090BD0048E746 /* AllINRDataView.swift in Sources */ = {isa = PBXBuildFile; fileRef = E8739B3D29A090BD0048E746 /* AllINRDataView.swift */; };
		E8739B4029A091350048E746 /* EditINREntryView.swift in Sources */ = {isa = PBXBuildFile; fileRef = E8739B3F29A091350048E746 /* EditINREntryView.swift */; };
		E8739B4429A0A5380048E746 /* WarfarinINRChart.swift in Sources */ = {isa = PBXBuildFile; fileRef = E8739B4329A0A5380048E746 /* WarfarinINRChart.swift */; };
		E8739B4629A1CC950048E746 /* SettingsView.swift in Sources */ = {isa = PBXBuildFile; fileRef = E8739B4529A1CC950048E746 /* SettingsView.swift */; };
		E8A4559729DA9E2000941191 /* WidgetKit.framework in Frameworks */ = {isa = PBXBuildFile; fileRef = E8739B5029A4B7030048E746 /* WidgetKit.framework */; };
		E8A4559829DA9E2000941191 /* SwiftUI.framework in Frameworks */ = {isa = PBXBuildFile; fileRef = E8739B5229A4B7030048E746 /* SwiftUI.framework */; };
		E8A4559B29DA9E2000941191 /* WidgetsBundle.swift in Sources */ = {isa = PBXBuildFile; fileRef = E8A4559A29DA9E2000941191 /* WidgetsBundle.swift */; };
		E8A4559D29DA9E2000941191 /* Widget_Chart-med.swift in Sources */ = {isa = PBXBuildFile; fileRef = E8A4559C29DA9E2000941191 /* Widget_Chart-med.swift */; };
		E8A455A229DA9E2200941191 /* Assets.xcassets in Resources */ = {isa = PBXBuildFile; fileRef = E8A455A129DA9E2200941191 /* Assets.xcassets */; };
		E8A455A829DA9E2200941191 /* WidgetsExtension.appex in Embed Foundation Extensions */ = {isa = PBXBuildFile; fileRef = E8A4559629DA9E2000941191 /* WidgetsExtension.appex */; settings = {ATTRIBUTES = (RemoveHeadersOnCopy, ); }; };
		E8C4F0FA29D8E7A3000FB9FF /* ShortcutsWarfarinDoseEntity.swift in Sources */ = {isa = PBXBuildFile; fileRef = E8C4F0F929D8E7A3000FB9FF /* ShortcutsWarfarinDoseEntity.swift */; };
		E8C4F0FC29D8F147000FB9FF /* DateFormatter.swift in Sources */ = {isa = PBXBuildFile; fileRef = E8C4F0FB29D8F147000FB9FF /* DateFormatter.swift */; };
		E8C4F0FE29D8F8FD000FB9FF /* IntentError.swift in Sources */ = {isa = PBXBuildFile; fileRef = E8C4F0FD29D8F8FD000FB9FF /* IntentError.swift */; };
		E8C4F10029D8F952000FB9FF /* Shortcuts_AddINRMeasurement.swift in Sources */ = {isa = PBXBuildFile; fileRef = E8C4F0FF29D8F952000FB9FF /* Shortcuts_AddINRMeasurement.swift */; };
/* End PBXBuildFile section */

/* Begin PBXContainerItemProxy section */
		E81D420629978A9000835797 /* PBXContainerItemProxy */ = {
			isa = PBXContainerItemProxy;
			containerPortal = E81D41E729978A8D00835797 /* Project object */;
			proxyType = 1;
			remoteGlobalIDString = E81D41EE29978A8D00835797;
			remoteInfo = mInr;
		};
		E81D421029978A9000835797 /* PBXContainerItemProxy */ = {
			isa = PBXContainerItemProxy;
			containerPortal = E81D41E729978A8D00835797 /* Project object */;
			proxyType = 1;
			remoteGlobalIDString = E81D41EE29978A8D00835797;
			remoteInfo = mInr;
		};
		E8A455A629DA9E2200941191 /* PBXContainerItemProxy */ = {
			isa = PBXContainerItemProxy;
			containerPortal = E81D41E729978A8D00835797 /* Project object */;
			proxyType = 1;
			remoteGlobalIDString = E8A4559529DA9E2000941191;
			remoteInfo = WidgetsExtension;
		};
/* End PBXContainerItemProxy section */

/* Begin PBXCopyFilesBuildPhase section */
		E8739B6829A4B7060048E746 /* Embed Foundation Extensions */ = {
			isa = PBXCopyFilesBuildPhase;
			buildActionMask = 12;
			dstPath = "";
			dstSubfolderSpec = 13;
			files = (
				E8A455A829DA9E2200941191 /* WidgetsExtension.appex in Embed Foundation Extensions */,
			);
			name = "Embed Foundation Extensions";
			runOnlyForDeploymentPostprocessing = 0;
		};
/* End PBXCopyFilesBuildPhase section */

/* Begin PBXFileReference section */
		E800748D29D37F1C00E2E1CD /* Shortcuts_AddWarfarinDose.swift */ = {isa = PBXFileReference; lastKnownFileType = sourcecode.swift; path = Shortcuts_AddWarfarinDose.swift; sourceTree = "<group>"; };
		E81D41EF29978A8D00835797 /* mInr.app */ = {isa = PBXFileReference; explicitFileType = wrapper.application; includeInIndex = 0; path = mInr.app; sourceTree = BUILT_PRODUCTS_DIR; };
		E81D41F229978A8D00835797 /* mInrApp.swift */ = {isa = PBXFileReference; lastKnownFileType = sourcecode.swift; path = mInrApp.swift; sourceTree = "<group>"; };
		E81D41F429978A8D00835797 /* Persistence.swift */ = {isa = PBXFileReference; lastKnownFileType = sourcecode.swift; path = Persistence.swift; sourceTree = "<group>"; };
		E81D41F729978A8D00835797 /* mInr.xcdatamodel */ = {isa = PBXFileReference; lastKnownFileType = wrapper.xcdatamodel; path = mInr.xcdatamodel; sourceTree = "<group>"; };
		E81D41F929978A8D00835797 /* ContentView.swift */ = {isa = PBXFileReference; lastKnownFileType = sourcecode.swift; path = ContentView.swift; sourceTree = "<group>"; };
		E81D41FB29978A9000835797 /* Assets.xcassets */ = {isa = PBXFileReference; lastKnownFileType = folder.assetcatalog; path = Assets.xcassets; sourceTree = "<group>"; };
		E81D41FD29978A9000835797 /* mInr.entitlements */ = {isa = PBXFileReference; lastKnownFileType = text.plist.entitlements; path = mInr.entitlements; sourceTree = "<group>"; };
		E81D41FF29978A9000835797 /* Preview Assets.xcassets */ = {isa = PBXFileReference; lastKnownFileType = folder.assetcatalog; path = "Preview Assets.xcassets"; sourceTree = "<group>"; };
		E81D420529978A9000835797 /* mInrTests.xctest */ = {isa = PBXFileReference; explicitFileType = wrapper.cfbundle; includeInIndex = 0; path = mInrTests.xctest; sourceTree = BUILT_PRODUCTS_DIR; };
		E81D420929978A9000835797 /* mInrTests.swift */ = {isa = PBXFileReference; lastKnownFileType = sourcecode.swift; path = mInrTests.swift; sourceTree = "<group>"; };
		E81D420F29978A9000835797 /* mInrUITests.xctest */ = {isa = PBXFileReference; explicitFileType = wrapper.cfbundle; includeInIndex = 0; path = mInrUITests.xctest; sourceTree = BUILT_PRODUCTS_DIR; };
		E81D421329978A9000835797 /* mInrUITests.swift */ = {isa = PBXFileReference; lastKnownFileType = sourcecode.swift; path = mInrUITests.swift; sourceTree = "<group>"; };
		E81D421529978A9000835797 /* mInrUITestsLaunchTests.swift */ = {isa = PBXFileReference; lastKnownFileType = sourcecode.swift; path = mInrUITestsLaunchTests.swift; sourceTree = "<group>"; };
		E81D4270299B4DCF00835797 /* AllWarfarinDataView.swift */ = {isa = PBXFileReference; lastKnownFileType = sourcecode.swift; path = AllWarfarinDataView.swift; sourceTree = "<group>"; };
		E81D4272299B7D8C00835797 /* EditWarfarinEntryView.swift */ = {isa = PBXFileReference; lastKnownFileType = sourcecode.swift; path = EditWarfarinEntryView.swift; sourceTree = "<group>"; };
		E820D23129B0743F008A2947 /* WarfarinCalendarView.swift */ = {isa = PBXFileReference; lastKnownFileType = sourcecode.swift; path = WarfarinCalendarView.swift; sourceTree = "<group>"; };
		E84C909C29FA3F53009DF0E9 /* Extension_URL.swift */ = {isa = PBXFileReference; lastKnownFileType = sourcecode.swift; path = Extension_URL.swift; sourceTree = "<group>"; };
		E84C90A429FA64BF009DF0E9 /* Intents.framework */ = {isa = PBXFileReference; lastKnownFileType = wrapper.framework; name = Intents.framework; path = System/Library/Frameworks/Intents.framework; sourceTree = SDKROOT; };
		E84C90AF29FA64C0009DF0E9 /* IntentsUI.framework */ = {isa = PBXFileReference; lastKnownFileType = wrapper.framework; name = IntentsUI.framework; path = System/Library/Frameworks/IntentsUI.framework; sourceTree = SDKROOT; };
		E84C90C829FA68AB009DF0E9 /* Chart.intentdefinition */ = {isa = PBXFileReference; lastKnownFileType = file.intentdefinition; path = Chart.intentdefinition; sourceTree = "<group>"; };
		E84C90CB29FBCCA1009DF0E9 /* Widget_Status-sm.swift */ = {isa = PBXFileReference; lastKnownFileType = sourcecode.swift; path = "Widget_Status-sm.swift"; sourceTree = "<group>"; };
		E84C90CD29FC8E9A009DF0E9 /* CalendarExtension.swift */ = {isa = PBXFileReference; lastKnownFileType = sourcecode.swift; path = CalendarExtension.swift; sourceTree = "<group>"; };
		E84C910B29FCCA74009DF0E9 /* Info.plist */ = {isa = PBXFileReference; fileEncoding = 4; lastKnownFileType = text.plist.xml; path = Info.plist; sourceTree = "<group>"; };
		E84C911029FDBE2E009DF0E9 /* SFSafariViewWrapper.swift */ = {isa = PBXFileReference; lastKnownFileType = sourcecode.swift; path = SFSafariViewWrapper.swift; sourceTree = "<group>"; };
		E85255D229CED9EA0066E884 /* DateExtensions.swift */ = {isa = PBXFileReference; lastKnownFileType = sourcecode.swift; path = DateExtensions.swift; sourceTree = "<group>"; };
		E85255D429CFA6840066E884 /* AppStorageExtensions.swift */ = {isa = PBXFileReference; lastKnownFileType = sourcecode.swift; path = AppStorageExtensions.swift; sourceTree = "<group>"; };
		E85255D629D039BC0066E884 /* TextExtensions.swift */ = {isa = PBXFileReference; lastKnownFileType = sourcecode.swift; path = TextExtensions.swift; sourceTree = "<group>"; };
		E85255D829D2D8D20066E884 /* ViewExtensions.swift */ = {isa = PBXFileReference; lastKnownFileType = sourcecode.swift; path = ViewExtensions.swift; sourceTree = "<group>"; };
		E85255DA29D2DE480066E884 /* AddWarfarinView.swift */ = {isa = PBXFileReference; lastKnownFileType = sourcecode.swift; path = AddWarfarinView.swift; sourceTree = "<group>"; };
		E85255DC29D2DED10066E884 /* AddINRView.swift */ = {isa = PBXFileReference; lastKnownFileType = sourcecode.swift; path = AddINRView.swift; sourceTree = "<group>"; };
		E86067B029D2F0DE00151DCF /* BindingExtensions.swift */ = {isa = PBXFileReference; lastKnownFileType = sourcecode.swift; path = BindingExtensions.swift; sourceTree = "<group>"; };
		E866012629D3870B00DCD60A /* mINRDataModel.swift */ = {isa = PBXFileReference; lastKnownFileType = sourcecode.swift; path = mINRDataModel.swift; sourceTree = "<group>"; };
		E866012A29D3E23200DCD60A /* CoreDataPublisher.swift */ = {isa = PBXFileReference; lastKnownFileType = sourcecode.swift; path = CoreDataPublisher.swift; sourceTree = "<group>"; };
		E866012C29D3E43100DCD60A /* ModelExtensions.swift */ = {isa = PBXFileReference; lastKnownFileType = sourcecode.swift; path = ModelExtensions.swift; sourceTree = "<group>"; };
		E8739B3D29A090BD0048E746 /* AllINRDataView.swift */ = {isa = PBXFileReference; fileEncoding = 4; lastKnownFileType = sourcecode.swift; path = AllINRDataView.swift; sourceTree = "<group>"; };
		E8739B3F29A091350048E746 /* EditINREntryView.swift */ = {isa = PBXFileReference; fileEncoding = 4; lastKnownFileType = sourcecode.swift; path = EditINREntryView.swift; sourceTree = "<group>"; };
		E8739B4329A0A5380048E746 /* WarfarinINRChart.swift */ = {isa = PBXFileReference; lastKnownFileType = sourcecode.swift; path = WarfarinINRChart.swift; sourceTree = "<group>"; };
		E8739B4529A1CC950048E746 /* SettingsView.swift */ = {isa = PBXFileReference; lastKnownFileType = sourcecode.swift; path = SettingsView.swift; sourceTree = "<group>"; };
		E8739B5029A4B7030048E746 /* WidgetKit.framework */ = {isa = PBXFileReference; lastKnownFileType = wrapper.framework; name = WidgetKit.framework; path = System/Library/Frameworks/WidgetKit.framework; sourceTree = SDKROOT; };
		E8739B5229A4B7030048E746 /* SwiftUI.framework */ = {isa = PBXFileReference; lastKnownFileType = wrapper.framework; name = SwiftUI.framework; path = System/Library/Frameworks/SwiftUI.framework; sourceTree = SDKROOT; };
		E8A4559629DA9E2000941191 /* WidgetsExtension.appex */ = {isa = PBXFileReference; explicitFileType = "wrapper.app-extension"; includeInIndex = 0; path = WidgetsExtension.appex; sourceTree = BUILT_PRODUCTS_DIR; };
		E8A4559A29DA9E2000941191 /* WidgetsBundle.swift */ = {isa = PBXFileReference; lastKnownFileType = sourcecode.swift; path = WidgetsBundle.swift; sourceTree = "<group>"; };
		E8A4559C29DA9E2000941191 /* Widget_Chart-med.swift */ = {isa = PBXFileReference; lastKnownFileType = sourcecode.swift; path = "Widget_Chart-med.swift"; sourceTree = "<group>"; };
		E8A455A129DA9E2200941191 /* Assets.xcassets */ = {isa = PBXFileReference; lastKnownFileType = folder.assetcatalog; path = Assets.xcassets; sourceTree = "<group>"; };
		E8A455A329DA9E2200941191 /* Info.plist */ = {isa = PBXFileReference; lastKnownFileType = text.plist.xml; path = Info.plist; sourceTree = "<group>"; };
		E8A455A929DA9E2200941191 /* WidgetsExtension.entitlements */ = {isa = PBXFileReference; lastKnownFileType = text.plist.entitlements; path = WidgetsExtension.entitlements; sourceTree = "<group>"; };
		E8A455AD29DA9FD100941191 /* WidgetsExtensionRelease.entitlements */ = {isa = PBXFileReference; lastKnownFileType = text.plist.entitlements; path = WidgetsExtensionRelease.entitlements; sourceTree = "<group>"; };
		E8C4F0F929D8E7A3000FB9FF /* ShortcutsWarfarinDoseEntity.swift */ = {isa = PBXFileReference; lastKnownFileType = sourcecode.swift; path = ShortcutsWarfarinDoseEntity.swift; sourceTree = "<group>"; };
		E8C4F0FB29D8F147000FB9FF /* DateFormatter.swift */ = {isa = PBXFileReference; lastKnownFileType = sourcecode.swift; path = DateFormatter.swift; sourceTree = "<group>"; };
		E8C4F0FD29D8F8FD000FB9FF /* IntentError.swift */ = {isa = PBXFileReference; lastKnownFileType = sourcecode.swift; path = IntentError.swift; sourceTree = "<group>"; };
		E8C4F0FF29D8F952000FB9FF /* Shortcuts_AddINRMeasurement.swift */ = {isa = PBXFileReference; lastKnownFileType = sourcecode.swift; path = Shortcuts_AddINRMeasurement.swift; sourceTree = "<group>"; };
		E8F38EC829D6EFDD00BF5B9B /* mInrRelease.entitlements */ = {isa = PBXFileReference; lastKnownFileType = text.plist.entitlements; path = mInrRelease.entitlements; sourceTree = "<group>"; };
/* End PBXFileReference section */

/* Begin PBXFrameworksBuildPhase section */
		E81D41EC29978A8D00835797 /* Frameworks */ = {
			isa = PBXFrameworksBuildPhase;
			buildActionMask = 2147483647;
			files = (
			);
			runOnlyForDeploymentPostprocessing = 0;
		};
		E81D420229978A9000835797 /* Frameworks */ = {
			isa = PBXFrameworksBuildPhase;
			buildActionMask = 2147483647;
			files = (
			);
			runOnlyForDeploymentPostprocessing = 0;
		};
		E81D420C29978A9000835797 /* Frameworks */ = {
			isa = PBXFrameworksBuildPhase;
			buildActionMask = 2147483647;
			files = (
			);
			runOnlyForDeploymentPostprocessing = 0;
		};
		E8A4559329DA9E2000941191 /* Frameworks */ = {
			isa = PBXFrameworksBuildPhase;
			buildActionMask = 2147483647;
			files = (
				E8A4559829DA9E2000941191 /* SwiftUI.framework in Frameworks */,
				E8A4559729DA9E2000941191 /* WidgetKit.framework in Frameworks */,
			);
			runOnlyForDeploymentPostprocessing = 0;
		};
/* End PBXFrameworksBuildPhase section */

/* Begin PBXGroup section */
		E800748929D37D6900E2E1CD /* Intents */ = {
			isa = PBXGroup;
			children = (
				E8C4F0FD29D8F8FD000FB9FF /* IntentError.swift */,
				E8C4F0F829D8E78D000FB9FF /* Entities */,
				E800748D29D37F1C00E2E1CD /* Shortcuts_AddWarfarinDose.swift */,
				E8C4F0FF29D8F952000FB9FF /* Shortcuts_AddINRMeasurement.swift */,
			);
			path = Intents;
			sourceTree = "<group>";
		};
		E81D41E629978A8D00835797 = {
			isa = PBXGroup;
			children = (
				E8A455AD29DA9FD100941191 /* WidgetsExtensionRelease.entitlements */,
				E8A455A929DA9E2200941191 /* WidgetsExtension.entitlements */,
				E8A455AE29DAD16800941191 /* Shared */,
				E81D41F129978A8D00835797 /* mInr */,
				E81D420829978A9000835797 /* mInrTests */,
				E81D421229978A9000835797 /* mInrUITests */,
				E8A4559929DA9E2000941191 /* Widgets */,
				E8739B4F29A4B7030048E746 /* Frameworks */,
				E81D41F029978A8D00835797 /* Products */,
			);
			sourceTree = "<group>";
		};
		E81D41F029978A8D00835797 /* Products */ = {
			isa = PBXGroup;
			children = (
				E81D41EF29978A8D00835797 /* mInr.app */,
				E81D420529978A9000835797 /* mInrTests.xctest */,
				E81D420F29978A9000835797 /* mInrUITests.xctest */,
				E8A4559629DA9E2000941191 /* WidgetsExtension.appex */,
			);
			name = Products;
			sourceTree = "<group>";
		};
		E81D41F129978A8D00835797 /* mInr */ = {
			isa = PBXGroup;
			children = (
				E84C910B29FCCA74009DF0E9 /* Info.plist */,
				E8F38EC829D6EFDD00BF5B9B /* mInrRelease.entitlements */,
				E800748929D37D6900E2E1CD /* Intents */,
				E8739B4229A0A5170048E746 /* Charts */,
				E8739B4129A091F30048E746 /* Warfarin Views */,
				E8739B3C29A090A60048E746 /* INR Views */,
				E81D41F229978A8D00835797 /* mInrApp.swift */,
				E81D41F429978A8D00835797 /* Persistence.swift */,
				E81D41F929978A8D00835797 /* ContentView.swift */,
				E81D41FB29978A9000835797 /* Assets.xcassets */,
				E81D41FD29978A9000835797 /* mInr.entitlements */,
				E81D41F629978A8D00835797 /* mInr.xcdatamodeld */,
				E81D41FE29978A9000835797 /* Preview Content */,
				E8739B4529A1CC950048E746 /* SettingsView.swift */,
				E84C911029FDBE2E009DF0E9 /* SFSafariViewWrapper.swift */,
			);
			path = mInr;
			sourceTree = "<group>";
		};
		E81D41FE29978A9000835797 /* Preview Content */ = {
			isa = PBXGroup;
			children = (
				E81D41FF29978A9000835797 /* Preview Assets.xcassets */,
			);
			path = "Preview Content";
			sourceTree = "<group>";
		};
		E81D420829978A9000835797 /* mInrTests */ = {
			isa = PBXGroup;
			children = (
				E81D420929978A9000835797 /* mInrTests.swift */,
			);
			path = mInrTests;
			sourceTree = "<group>";
		};
		E81D421229978A9000835797 /* mInrUITests */ = {
			isa = PBXGroup;
			children = (
				E81D421329978A9000835797 /* mInrUITests.swift */,
				E81D421529978A9000835797 /* mInrUITestsLaunchTests.swift */,
			);
			path = mInrUITests;
			sourceTree = "<group>";
		};
		E85255D129CED9D70066E884 /* Extensions */ = {
			isa = PBXGroup;
			children = (
				E85255D429CFA6840066E884 /* AppStorageExtensions.swift */,
				E86067B029D2F0DE00151DCF /* BindingExtensions.swift */,
				E85255D229CED9EA0066E884 /* DateExtensions.swift */,
				E85255D629D039BC0066E884 /* TextExtensions.swift */,
				E85255D829D2D8D20066E884 /* ViewExtensions.swift */,
				E8C4F0FB29D8F147000FB9FF /* DateFormatter.swift */,
				E84C909C29FA3F53009DF0E9 /* Extension_URL.swift */,
				E84C90CD29FC8E9A009DF0E9 /* CalendarExtension.swift */,
			);
			path = Extensions;
			sourceTree = "<group>";
		};
		E8739B3C29A090A60048E746 /* INR Views */ = {
			isa = PBXGroup;
			children = (
				E8739B3F29A091350048E746 /* EditINREntryView.swift */,
				E8739B3D29A090BD0048E746 /* AllINRDataView.swift */,
				E85255DC29D2DED10066E884 /* AddINRView.swift */,
			);
			path = "INR Views";
			sourceTree = "<group>";
		};
		E8739B4129A091F30048E746 /* Warfarin Views */ = {
			isa = PBXGroup;
			children = (
				E85255DA29D2DE480066E884 /* AddWarfarinView.swift */,
				E81D4270299B4DCF00835797 /* AllWarfarinDataView.swift */,
				E81D4272299B7D8C00835797 /* EditWarfarinEntryView.swift */,
				E820D23129B0743F008A2947 /* WarfarinCalendarView.swift */,
			);
			path = "Warfarin Views";
			sourceTree = "<group>";
		};
		E8739B4229A0A5170048E746 /* Charts */ = {
			isa = PBXGroup;
			children = (
				E8739B4329A0A5380048E746 /* WarfarinINRChart.swift */,
			);
			path = Charts;
			sourceTree = "<group>";
		};
		E8739B4F29A4B7030048E746 /* Frameworks */ = {
			isa = PBXGroup;
			children = (
				E8739B5029A4B7030048E746 /* WidgetKit.framework */,
				E8739B5229A4B7030048E746 /* SwiftUI.framework */,
				E84C90A429FA64BF009DF0E9 /* Intents.framework */,
				E84C90AF29FA64C0009DF0E9 /* IntentsUI.framework */,
			);
			name = Frameworks;
			sourceTree = "<group>";
		};
		E8A4559929DA9E2000941191 /* Widgets */ = {
			isa = PBXGroup;
			children = (
				E8A4559A29DA9E2000941191 /* WidgetsBundle.swift */,
				E8A4559C29DA9E2000941191 /* Widget_Chart-med.swift */,
				E8A455A129DA9E2200941191 /* Assets.xcassets */,
				E8A455A329DA9E2200941191 /* Info.plist */,
				E84C90C829FA68AB009DF0E9 /* Chart.intentdefinition */,
				E84C90CB29FBCCA1009DF0E9 /* Widget_Status-sm.swift */,
			);
			path = Widgets;
			sourceTree = "<group>";
		};
		E8A455AE29DAD16800941191 /* Shared */ = {
			isa = PBXGroup;
			children = (
				E85255D129CED9D70066E884 /* Extensions */,
				E866012629D3870B00DCD60A /* mINRDataModel.swift */,
				E866012A29D3E23200DCD60A /* CoreDataPublisher.swift */,
				E866012C29D3E43100DCD60A /* ModelExtensions.swift */,
			);
			path = Shared;
			sourceTree = "<group>";
		};
		E8C4F0F829D8E78D000FB9FF /* Entities */ = {
			isa = PBXGroup;
			children = (
				E8C4F0F929D8E7A3000FB9FF /* ShortcutsWarfarinDoseEntity.swift */,
			);
			path = Entities;
			sourceTree = "<group>";
		};
/* End PBXGroup section */

/* Begin PBXNativeTarget section */
		E81D41EE29978A8D00835797 /* mInr */ = {
			isa = PBXNativeTarget;
			buildConfigurationList = E81D421929978A9000835797 /* Build configuration list for PBXNativeTarget "mInr" */;
			buildPhases = (
				E81D41EB29978A8D00835797 /* Sources */,
				E81D41EC29978A8D00835797 /* Frameworks */,
				E81D41ED29978A8D00835797 /* Resources */,
				E8739B6829A4B7060048E746 /* Embed Foundation Extensions */,
			);
			buildRules = (
			);
			dependencies = (
				E8A455A729DA9E2200941191 /* PBXTargetDependency */,
			);
			name = mInr;
			productName = mInr;
			productReference = E81D41EF29978A8D00835797 /* mInr.app */;
			productType = "com.apple.product-type.application";
		};
		E81D420429978A9000835797 /* mInrTests */ = {
			isa = PBXNativeTarget;
			buildConfigurationList = E81D421C29978A9000835797 /* Build configuration list for PBXNativeTarget "mInrTests" */;
			buildPhases = (
				E81D420129978A9000835797 /* Sources */,
				E81D420229978A9000835797 /* Frameworks */,
				E81D420329978A9000835797 /* Resources */,
			);
			buildRules = (
			);
			dependencies = (
				E81D420729978A9000835797 /* PBXTargetDependency */,
			);
			name = mInrTests;
			productName = mInrTests;
			productReference = E81D420529978A9000835797 /* mInrTests.xctest */;
			productType = "com.apple.product-type.bundle.unit-test";
		};
		E81D420E29978A9000835797 /* mInrUITests */ = {
			isa = PBXNativeTarget;
			buildConfigurationList = E81D421F29978A9000835797 /* Build configuration list for PBXNativeTarget "mInrUITests" */;
			buildPhases = (
				E81D420B29978A9000835797 /* Sources */,
				E81D420C29978A9000835797 /* Frameworks */,
				E81D420D29978A9000835797 /* Resources */,
			);
			buildRules = (
			);
			dependencies = (
				E81D421129978A9000835797 /* PBXTargetDependency */,
			);
			name = mInrUITests;
			productName = mInrUITests;
			productReference = E81D420F29978A9000835797 /* mInrUITests.xctest */;
			productType = "com.apple.product-type.bundle.ui-testing";
		};
		E8A4559529DA9E2000941191 /* WidgetsExtension */ = {
			isa = PBXNativeTarget;
			buildConfigurationList = E8A455AC29DA9E2200941191 /* Build configuration list for PBXNativeTarget "WidgetsExtension" */;
			buildPhases = (
				E8A4559229DA9E2000941191 /* Sources */,
				E8A4559329DA9E2000941191 /* Frameworks */,
				E8A4559429DA9E2000941191 /* Resources */,
			);
			buildRules = (
			);
			dependencies = (
			);
			name = WidgetsExtension;
			productName = WidgetsExtension;
			productReference = E8A4559629DA9E2000941191 /* WidgetsExtension.appex */;
			productType = "com.apple.product-type.app-extension";
		};
/* End PBXNativeTarget section */

/* Begin PBXProject section */
		E81D41E729978A8D00835797 /* Project object */ = {
			isa = PBXProject;
			attributes = {
				BuildIndependentTargetsInParallel = 1;
				LastSwiftUpdateCheck = 1430;
				LastUpgradeCheck = 1420;
				TargetAttributes = {
					E81D41EE29978A8D00835797 = {
						CreatedOnToolsVersion = 14.2;
					};
					E81D420429978A9000835797 = {
						CreatedOnToolsVersion = 14.2;
						TestTargetID = E81D41EE29978A8D00835797;
					};
					E81D420E29978A9000835797 = {
						CreatedOnToolsVersion = 14.2;
						TestTargetID = E81D41EE29978A8D00835797;
					};
					E8A4559529DA9E2000941191 = {
						CreatedOnToolsVersion = 14.3;
					};
				};
			};
			buildConfigurationList = E81D41EA29978A8D00835797 /* Build configuration list for PBXProject "mInr" */;
			compatibilityVersion = "Xcode 14.0";
			developmentRegion = en;
			hasScannedForEncodings = 0;
			knownRegions = (
				en,
				Base,
			);
			mainGroup = E81D41E629978A8D00835797;
			productRefGroup = E81D41F029978A8D00835797 /* Products */;
			projectDirPath = "";
			projectRoot = "";
			targets = (
				E81D41EE29978A8D00835797 /* mInr */,
				E81D420429978A9000835797 /* mInrTests */,
				E81D420E29978A9000835797 /* mInrUITests */,
				E8A4559529DA9E2000941191 /* WidgetsExtension */,
			);
		};
/* End PBXProject section */

/* Begin PBXResourcesBuildPhase section */
		E81D41ED29978A8D00835797 /* Resources */ = {
			isa = PBXResourcesBuildPhase;
			buildActionMask = 2147483647;
			files = (
				E81D420029978A9000835797 /* Preview Assets.xcassets in Resources */,
				E81D41FC29978A9000835797 /* Assets.xcassets in Resources */,
			);
			runOnlyForDeploymentPostprocessing = 0;
		};
		E81D420329978A9000835797 /* Resources */ = {
			isa = PBXResourcesBuildPhase;
			buildActionMask = 2147483647;
			files = (
			);
			runOnlyForDeploymentPostprocessing = 0;
		};
		E81D420D29978A9000835797 /* Resources */ = {
			isa = PBXResourcesBuildPhase;
			buildActionMask = 2147483647;
			files = (
			);
			runOnlyForDeploymentPostprocessing = 0;
		};
		E8A4559429DA9E2000941191 /* Resources */ = {
			isa = PBXResourcesBuildPhase;
			buildActionMask = 2147483647;
			files = (
				E8A455A229DA9E2200941191 /* Assets.xcassets in Resources */,
			);
			runOnlyForDeploymentPostprocessing = 0;
		};
/* End PBXResourcesBuildPhase section */

/* Begin PBXSourcesBuildPhase section */
		E81D41EB29978A8D00835797 /* Sources */ = {
			isa = PBXSourcesBuildPhase;
			buildActionMask = 2147483647;
			files = (
				E8C4F0FC29D8F147000FB9FF /* DateFormatter.swift in Sources */,
				E81D4271299B4DCF00835797 /* AllWarfarinDataView.swift in Sources */,
				E84C90CA29FA6C53009DF0E9 /* Chart.intentdefinition in Sources */,
				E86067B129D2F0DE00151DCF /* BindingExtensions.swift in Sources */,
				E85255DD29D2DED10066E884 /* AddINRView.swift in Sources */,
				E85255D529CFA6840066E884 /* AppStorageExtensions.swift in Sources */,
				E81D41F829978A8D00835797 /* mInr.xcdatamodeld in Sources */,
				E820D23229B0743F008A2947 /* WarfarinCalendarView.swift in Sources */,
				E85255D729D039BC0066E884 /* TextExtensions.swift in Sources */,
				E8C4F10029D8F952000FB9FF /* Shortcuts_AddINRMeasurement.swift in Sources */,
				E866012D29D3E43100DCD60A /* ModelExtensions.swift in Sources */,
				E81D41F329978A8D00835797 /* mInrApp.swift in Sources */,
				E8739B4029A091350048E746 /* EditINREntryView.swift in Sources */,
				E84C911129FDBE2E009DF0E9 /* SFSafariViewWrapper.swift in Sources */,
				E81D41FA29978A8D00835797 /* ContentView.swift in Sources */,
				E800748E29D37F1C00E2E1CD /* Shortcuts_AddWarfarinDose.swift in Sources */,
				E8739B4629A1CC950048E746 /* SettingsView.swift in Sources */,
				E85255D929D2D8D20066E884 /* ViewExtensions.swift in Sources */,
				E8739B4429A0A5380048E746 /* WarfarinINRChart.swift in Sources */,
				E8C4F0FA29D8E7A3000FB9FF /* ShortcutsWarfarinDoseEntity.swift in Sources */,
				E81D41F529978A8D00835797 /* Persistence.swift in Sources */,
				E84C909D29FA3F53009DF0E9 /* Extension_URL.swift in Sources */,
				E8739B3E29A090BD0048E746 /* AllINRDataView.swift in Sources */,
				E8C4F0FE29D8F8FD000FB9FF /* IntentError.swift in Sources */,
				E81D4273299B7D8C00835797 /* EditWarfarinEntryView.swift in Sources */,
				E85255DB29D2DE480066E884 /* AddWarfarinView.swift in Sources */,
				E866012B29D3E23200DCD60A /* CoreDataPublisher.swift in Sources */,
				E85255D329CED9EA0066E884 /* DateExtensions.swift in Sources */,
				E866012729D3870B00DCD60A /* mINRDataModel.swift in Sources */,
			);
			runOnlyForDeploymentPostprocessing = 0;
		};
		E81D420129978A9000835797 /* Sources */ = {
			isa = PBXSourcesBuildPhase;
			buildActionMask = 2147483647;
			files = (
				E81D420A29978A9000835797 /* mInrTests.swift in Sources */,
			);
			runOnlyForDeploymentPostprocessing = 0;
		};
		E81D420B29978A9000835797 /* Sources */ = {
			isa = PBXSourcesBuildPhase;
			buildActionMask = 2147483647;
			files = (
				E81D421629978A9000835797 /* mInrUITestsLaunchTests.swift in Sources */,
				E81D421429978A9000835797 /* mInrUITests.swift in Sources */,
			);
			runOnlyForDeploymentPostprocessing = 0;
		};
		E8A4559229DA9E2000941191 /* Sources */ = {
			isa = PBXSourcesBuildPhase;
			buildActionMask = 2147483647;
			files = (
				E84C909A29F8D7FF009DF0E9 /* Persistence.swift in Sources */,
				E84C90C929FA68AB009DF0E9 /* Chart.intentdefinition in Sources */,
				E8A4559D29DA9E2000941191 /* Widget_Chart-med.swift in Sources */,
				E84C90CE29FC8E9A009DF0E9 /* CalendarExtension.swift in Sources */,
				E84C909E29FA3FB8009DF0E9 /* Extension_URL.swift in Sources */,
				E8A4559B29DA9E2000941191 /* WidgetsBundle.swift in Sources */,
				E84C909929F8D7FA009DF0E9 /* ModelExtensions.swift in Sources */,
				E84C909829F8D7F7009DF0E9 /* CoreDataPublisher.swift in Sources */,
				E84C909629F8C916009DF0E9 /* mInr.xcdatamodeld in Sources */,
				E84C909729F8D788009DF0E9 /* mINRDataModel.swift in Sources */,
				E84C90CC29FBCCA1009DF0E9 /* Widget_Status-sm.swift in Sources */,
			);
			runOnlyForDeploymentPostprocessing = 0;
		};
/* End PBXSourcesBuildPhase section */

/* Begin PBXTargetDependency section */
		E81D420729978A9000835797 /* PBXTargetDependency */ = {
			isa = PBXTargetDependency;
			target = E81D41EE29978A8D00835797 /* mInr */;
			targetProxy = E81D420629978A9000835797 /* PBXContainerItemProxy */;
		};
		E81D421129978A9000835797 /* PBXTargetDependency */ = {
			isa = PBXTargetDependency;
			target = E81D41EE29978A8D00835797 /* mInr */;
			targetProxy = E81D421029978A9000835797 /* PBXContainerItemProxy */;
		};
		E8A455A729DA9E2200941191 /* PBXTargetDependency */ = {
			isa = PBXTargetDependency;
			target = E8A4559529DA9E2000941191 /* WidgetsExtension */;
			targetProxy = E8A455A629DA9E2200941191 /* PBXContainerItemProxy */;
		};
/* End PBXTargetDependency section */

/* Begin XCBuildConfiguration section */
		E81D421729978A9000835797 /* Debug */ = {
			isa = XCBuildConfiguration;
			buildSettings = {
				ALWAYS_SEARCH_USER_PATHS = NO;
				CLANG_ANALYZER_NONNULL = YES;
				CLANG_ANALYZER_NUMBER_OBJECT_CONVERSION = YES_AGGRESSIVE;
				CLANG_CXX_LANGUAGE_STANDARD = "gnu++20";
				CLANG_ENABLE_MODULES = YES;
				CLANG_ENABLE_OBJC_ARC = YES;
				CLANG_ENABLE_OBJC_WEAK = YES;
				CLANG_WARN_BLOCK_CAPTURE_AUTORELEASING = YES;
				CLANG_WARN_BOOL_CONVERSION = YES;
				CLANG_WARN_COMMA = YES;
				CLANG_WARN_CONSTANT_CONVERSION = YES;
				CLANG_WARN_DEPRECATED_OBJC_IMPLEMENTATIONS = YES;
				CLANG_WARN_DIRECT_OBJC_ISA_USAGE = YES_ERROR;
				CLANG_WARN_DOCUMENTATION_COMMENTS = YES;
				CLANG_WARN_EMPTY_BODY = YES;
				CLANG_WARN_ENUM_CONVERSION = YES;
				CLANG_WARN_INFINITE_RECURSION = YES;
				CLANG_WARN_INT_CONVERSION = YES;
				CLANG_WARN_NON_LITERAL_NULL_CONVERSION = YES;
				CLANG_WARN_OBJC_IMPLICIT_RETAIN_SELF = YES;
				CLANG_WARN_OBJC_LITERAL_CONVERSION = YES;
				CLANG_WARN_OBJC_ROOT_CLASS = YES_ERROR;
				CLANG_WARN_QUOTED_INCLUDE_IN_FRAMEWORK_HEADER = YES;
				CLANG_WARN_RANGE_LOOP_ANALYSIS = YES;
				CLANG_WARN_STRICT_PROTOTYPES = YES;
				CLANG_WARN_SUSPICIOUS_MOVE = YES;
				CLANG_WARN_UNGUARDED_AVAILABILITY = YES_AGGRESSIVE;
				CLANG_WARN_UNREACHABLE_CODE = YES;
				CLANG_WARN__DUPLICATE_METHOD_MATCH = YES;
				COPY_PHASE_STRIP = NO;
				DEBUG_INFORMATION_FORMAT = dwarf;
				ENABLE_STRICT_OBJC_MSGSEND = YES;
				ENABLE_TESTABILITY = YES;
				GCC_C_LANGUAGE_STANDARD = gnu11;
				GCC_DYNAMIC_NO_PIC = NO;
				GCC_NO_COMMON_BLOCKS = YES;
				GCC_OPTIMIZATION_LEVEL = 0;
				GCC_PREPROCESSOR_DEFINITIONS = (
					"DEBUG=1",
					"$(inherited)",
				);
				GCC_WARN_64_TO_32_BIT_CONVERSION = YES;
				GCC_WARN_ABOUT_RETURN_TYPE = YES_ERROR;
				GCC_WARN_UNDECLARED_SELECTOR = YES;
				GCC_WARN_UNINITIALIZED_AUTOS = YES_AGGRESSIVE;
				GCC_WARN_UNUSED_FUNCTION = YES;
				GCC_WARN_UNUSED_VARIABLE = YES;
				IPHONEOS_DEPLOYMENT_TARGET = 15.0;
				MTL_ENABLE_DEBUG_INFO = INCLUDE_SOURCE;
				MTL_FAST_MATH = YES;
				ONLY_ACTIVE_ARCH = YES;
				SWIFT_ACTIVE_COMPILATION_CONDITIONS = DEBUG;
				SWIFT_OPTIMIZATION_LEVEL = "-Onone";
			};
			name = Debug;
		};
		E81D421829978A9000835797 /* Release */ = {
			isa = XCBuildConfiguration;
			buildSettings = {
				ALWAYS_SEARCH_USER_PATHS = NO;
				CLANG_ANALYZER_NONNULL = YES;
				CLANG_ANALYZER_NUMBER_OBJECT_CONVERSION = YES_AGGRESSIVE;
				CLANG_CXX_LANGUAGE_STANDARD = "gnu++20";
				CLANG_ENABLE_MODULES = YES;
				CLANG_ENABLE_OBJC_ARC = YES;
				CLANG_ENABLE_OBJC_WEAK = YES;
				CLANG_WARN_BLOCK_CAPTURE_AUTORELEASING = YES;
				CLANG_WARN_BOOL_CONVERSION = YES;
				CLANG_WARN_COMMA = YES;
				CLANG_WARN_CONSTANT_CONVERSION = YES;
				CLANG_WARN_DEPRECATED_OBJC_IMPLEMENTATIONS = YES;
				CLANG_WARN_DIRECT_OBJC_ISA_USAGE = YES_ERROR;
				CLANG_WARN_DOCUMENTATION_COMMENTS = YES;
				CLANG_WARN_EMPTY_BODY = YES;
				CLANG_WARN_ENUM_CONVERSION = YES;
				CLANG_WARN_INFINITE_RECURSION = YES;
				CLANG_WARN_INT_CONVERSION = YES;
				CLANG_WARN_NON_LITERAL_NULL_CONVERSION = YES;
				CLANG_WARN_OBJC_IMPLICIT_RETAIN_SELF = YES;
				CLANG_WARN_OBJC_LITERAL_CONVERSION = YES;
				CLANG_WARN_OBJC_ROOT_CLASS = YES_ERROR;
				CLANG_WARN_QUOTED_INCLUDE_IN_FRAMEWORK_HEADER = YES;
				CLANG_WARN_RANGE_LOOP_ANALYSIS = YES;
				CLANG_WARN_STRICT_PROTOTYPES = YES;
				CLANG_WARN_SUSPICIOUS_MOVE = YES;
				CLANG_WARN_UNGUARDED_AVAILABILITY = YES_AGGRESSIVE;
				CLANG_WARN_UNREACHABLE_CODE = YES;
				CLANG_WARN__DUPLICATE_METHOD_MATCH = YES;
				COPY_PHASE_STRIP = NO;
				DEBUG_INFORMATION_FORMAT = "dwarf-with-dsym";
				ENABLE_NS_ASSERTIONS = NO;
				ENABLE_STRICT_OBJC_MSGSEND = YES;
				GCC_C_LANGUAGE_STANDARD = gnu11;
				GCC_NO_COMMON_BLOCKS = YES;
				GCC_WARN_64_TO_32_BIT_CONVERSION = YES;
				GCC_WARN_ABOUT_RETURN_TYPE = YES_ERROR;
				GCC_WARN_UNDECLARED_SELECTOR = YES;
				GCC_WARN_UNINITIALIZED_AUTOS = YES_AGGRESSIVE;
				GCC_WARN_UNUSED_FUNCTION = YES;
				GCC_WARN_UNUSED_VARIABLE = YES;
				IPHONEOS_DEPLOYMENT_TARGET = 15.0;
				MTL_ENABLE_DEBUG_INFO = NO;
				MTL_FAST_MATH = YES;
				SWIFT_COMPILATION_MODE = wholemodule;
				SWIFT_OPTIMIZATION_LEVEL = "-O";
			};
			name = Release;
		};
		E81D421A29978A9000835797 /* Debug */ = {
			isa = XCBuildConfiguration;
			buildSettings = {
				ALLOW_TARGET_PLATFORM_SPECIALIZATION = YES;
				ALWAYS_EMBED_SWIFT_STANDARD_LIBRARIES = YES;
				ASSETCATALOG_COMPILER_APPICON_NAME = AppIcon;
				ASSETCATALOG_COMPILER_GLOBAL_ACCENT_COLOR_NAME = AccentColor;
				CODE_SIGN_ENTITLEMENTS = mInr/mInr.entitlements;
				CODE_SIGN_STYLE = Automatic;
				CURRENT_PROJECT_VERSION = 1;
				DEVELOPMENT_ASSET_PATHS = "\"mInr/Preview Content\"";
				DEVELOPMENT_TEAM = CX944Q5V5A;
				ENABLE_HARDENED_RUNTIME = YES;
				ENABLE_PREVIEWS = YES;
				GENERATE_INFOPLIST_FILE = YES;
				INFOPLIST_FILE = mInr/Info.plist;
				INFOPLIST_KEY_CFBundleDisplayName = mINR;
				INFOPLIST_KEY_LSApplicationCategoryType = "public.app-category.medical";
				"INFOPLIST_KEY_UIApplicationSceneManifest_Generation[sdk=iphoneos*]" = YES;
				"INFOPLIST_KEY_UIApplicationSceneManifest_Generation[sdk=iphonesimulator*]" = YES;
				"INFOPLIST_KEY_UIApplicationSupportsIndirectInputEvents[sdk=iphoneos*]" = YES;
				"INFOPLIST_KEY_UIApplicationSupportsIndirectInputEvents[sdk=iphonesimulator*]" = YES;
				"INFOPLIST_KEY_UILaunchScreen_Generation[sdk=iphoneos*]" = YES;
				"INFOPLIST_KEY_UILaunchScreen_Generation[sdk=iphonesimulator*]" = YES;
				"INFOPLIST_KEY_UIStatusBarStyle[sdk=iphoneos*]" = UIStatusBarStyleDefault;
				"INFOPLIST_KEY_UIStatusBarStyle[sdk=iphonesimulator*]" = UIStatusBarStyleDefault;
				INFOPLIST_KEY_UISupportedInterfaceOrientations = "UIInterfaceOrientationLandscapeLeft UIInterfaceOrientationLandscapeRight UIInterfaceOrientationPortrait UIInterfaceOrientationPortraitUpsideDown";
				IPHONEOS_DEPLOYMENT_TARGET = 16.2;
				LD_RUNPATH_SEARCH_PATHS = "@executable_path/Frameworks";
				"LD_RUNPATH_SEARCH_PATHS[sdk=macosx*]" = "@executable_path/../Frameworks";
				MACOSX_DEPLOYMENT_TARGET = 13.1;
				MARKETING_VERSION = 1.0;
				PRODUCT_BUNDLE_IDENTIFIER = "Finn-Le-Sueur.mInr";
				PRODUCT_NAME = "$(TARGET_NAME)";
				SDKROOT = auto;
				SUPPORTED_PLATFORMS = "watchsimulator watchos macosx iphonesimulator iphoneos driverkit appletvsimulator appletvos";
				SUPPORTS_MACCATALYST = YES;
				SWIFT_EMIT_LOC_STRINGS = YES;
				SWIFT_VERSION = 5.0;
				TARGETED_DEVICE_FAMILY = "1,2";
			};
			name = Debug;
		};
		E81D421B29978A9000835797 /* Release */ = {
			isa = XCBuildConfiguration;
			buildSettings = {
				ALLOW_TARGET_PLATFORM_SPECIALIZATION = YES;
				ALWAYS_EMBED_SWIFT_STANDARD_LIBRARIES = YES;
				ASSETCATALOG_COMPILER_APPICON_NAME = AppIcon;
				ASSETCATALOG_COMPILER_GLOBAL_ACCENT_COLOR_NAME = AccentColor;
				CODE_SIGN_ENTITLEMENTS = mInr/mInrRelease.entitlements;
				CODE_SIGN_STYLE = Automatic;
				CURRENT_PROJECT_VERSION = 1;
				DEVELOPMENT_ASSET_PATHS = "\"mInr/Preview Content\"";
				DEVELOPMENT_TEAM = CX944Q5V5A;
				ENABLE_HARDENED_RUNTIME = YES;
				ENABLE_PREVIEWS = YES;
				GENERATE_INFOPLIST_FILE = YES;
				INFOPLIST_FILE = mInr/Info.plist;
				INFOPLIST_KEY_CFBundleDisplayName = mINR;
				INFOPLIST_KEY_LSApplicationCategoryType = "public.app-category.medical";
				"INFOPLIST_KEY_UIApplicationSceneManifest_Generation[sdk=iphoneos*]" = YES;
				"INFOPLIST_KEY_UIApplicationSceneManifest_Generation[sdk=iphonesimulator*]" = YES;
				"INFOPLIST_KEY_UIApplicationSupportsIndirectInputEvents[sdk=iphoneos*]" = YES;
				"INFOPLIST_KEY_UIApplicationSupportsIndirectInputEvents[sdk=iphonesimulator*]" = YES;
				"INFOPLIST_KEY_UILaunchScreen_Generation[sdk=iphoneos*]" = YES;
				"INFOPLIST_KEY_UILaunchScreen_Generation[sdk=iphonesimulator*]" = YES;
				"INFOPLIST_KEY_UIStatusBarStyle[sdk=iphoneos*]" = UIStatusBarStyleDefault;
				"INFOPLIST_KEY_UIStatusBarStyle[sdk=iphonesimulator*]" = UIStatusBarStyleDefault;
				INFOPLIST_KEY_UISupportedInterfaceOrientations = "UIInterfaceOrientationLandscapeLeft UIInterfaceOrientationLandscapeRight UIInterfaceOrientationPortrait UIInterfaceOrientationPortraitUpsideDown";
				IPHONEOS_DEPLOYMENT_TARGET = 16.2;
				LD_RUNPATH_SEARCH_PATHS = "@executable_path/Frameworks";
				"LD_RUNPATH_SEARCH_PATHS[sdk=macosx*]" = "@executable_path/../Frameworks";
				MACOSX_DEPLOYMENT_TARGET = 13.1;
				MARKETING_VERSION = 1.0;
				PRODUCT_BUNDLE_IDENTIFIER = "Finn-Le-Sueur.mInr";
				PRODUCT_NAME = "$(TARGET_NAME)";
				SDKROOT = auto;
				SUPPORTED_PLATFORMS = "watchsimulator watchos macosx iphonesimulator iphoneos driverkit appletvsimulator appletvos";
				SUPPORTS_MACCATALYST = YES;
				SWIFT_EMIT_LOC_STRINGS = YES;
				SWIFT_VERSION = 5.0;
				TARGETED_DEVICE_FAMILY = "1,2";
			};
			name = Release;
		};
		E81D421D29978A9000835797 /* Debug */ = {
			isa = XCBuildConfiguration;
			buildSettings = {
				ALWAYS_EMBED_SWIFT_STANDARD_LIBRARIES = YES;
				BUNDLE_LOADER = "$(TEST_HOST)";
				CODE_SIGN_STYLE = Automatic;
				CURRENT_PROJECT_VERSION = 1;
				DEVELOPMENT_TEAM = CX944Q5V5A;
				GENERATE_INFOPLIST_FILE = YES;
				IPHONEOS_DEPLOYMENT_TARGET = 16.2;
				MACOSX_DEPLOYMENT_TARGET = 13.1;
				MARKETING_VERSION = 1.0;
				PRODUCT_BUNDLE_IDENTIFIER = "Finn-Le-Sueur.mInrTests";
				PRODUCT_NAME = "$(TARGET_NAME)";
				SDKROOT = auto;
				SUPPORTED_PLATFORMS = "iphoneos iphonesimulator macosx";
				SWIFT_EMIT_LOC_STRINGS = NO;
				SWIFT_VERSION = 5.0;
				TARGETED_DEVICE_FAMILY = "1,2";
				TEST_HOST = "$(BUILT_PRODUCTS_DIR)/mInr.app/$(BUNDLE_EXECUTABLE_FOLDER_PATH)/mInr";
			};
			name = Debug;
		};
		E81D421E29978A9000835797 /* Release */ = {
			isa = XCBuildConfiguration;
			buildSettings = {
				ALWAYS_EMBED_SWIFT_STANDARD_LIBRARIES = YES;
				BUNDLE_LOADER = "$(TEST_HOST)";
				CODE_SIGN_STYLE = Automatic;
				CURRENT_PROJECT_VERSION = 1;
				DEVELOPMENT_TEAM = CX944Q5V5A;
				GENERATE_INFOPLIST_FILE = YES;
				IPHONEOS_DEPLOYMENT_TARGET = 16.2;
				MACOSX_DEPLOYMENT_TARGET = 13.1;
				MARKETING_VERSION = 1.0;
				PRODUCT_BUNDLE_IDENTIFIER = "Finn-Le-Sueur.mInrTests";
				PRODUCT_NAME = "$(TARGET_NAME)";
				SDKROOT = auto;
				SUPPORTED_PLATFORMS = "iphoneos iphonesimulator macosx";
				SWIFT_EMIT_LOC_STRINGS = NO;
				SWIFT_VERSION = 5.0;
				TARGETED_DEVICE_FAMILY = "1,2";
				TEST_HOST = "$(BUILT_PRODUCTS_DIR)/mInr.app/$(BUNDLE_EXECUTABLE_FOLDER_PATH)/mInr";
			};
			name = Release;
		};
		E81D422029978A9000835797 /* Debug */ = {
			isa = XCBuildConfiguration;
			buildSettings = {
				ALWAYS_EMBED_SWIFT_STANDARD_LIBRARIES = YES;
				CODE_SIGN_STYLE = Automatic;
				CURRENT_PROJECT_VERSION = 1;
				DEVELOPMENT_TEAM = CX944Q5V5A;
				GENERATE_INFOPLIST_FILE = YES;
				IPHONEOS_DEPLOYMENT_TARGET = 16.2;
				MACOSX_DEPLOYMENT_TARGET = 13.1;
				MARKETING_VERSION = 1.0;
				PRODUCT_BUNDLE_IDENTIFIER = "Finn-Le-Sueur.mInrUITests";
				PRODUCT_NAME = "$(TARGET_NAME)";
				SDKROOT = auto;
				SUPPORTED_PLATFORMS = "iphoneos iphonesimulator macosx";
				SWIFT_EMIT_LOC_STRINGS = NO;
				SWIFT_VERSION = 5.0;
				TARGETED_DEVICE_FAMILY = "1,2";
				TEST_TARGET_NAME = mInr;
			};
			name = Debug;
		};
		E81D422129978A9000835797 /* Release */ = {
			isa = XCBuildConfiguration;
			buildSettings = {
				ALWAYS_EMBED_SWIFT_STANDARD_LIBRARIES = YES;
				CODE_SIGN_STYLE = Automatic;
				CURRENT_PROJECT_VERSION = 1;
				DEVELOPMENT_TEAM = CX944Q5V5A;
				GENERATE_INFOPLIST_FILE = YES;
				IPHONEOS_DEPLOYMENT_TARGET = 16.2;
				MACOSX_DEPLOYMENT_TARGET = 13.1;
				MARKETING_VERSION = 1.0;
				PRODUCT_BUNDLE_IDENTIFIER = "Finn-Le-Sueur.mInrUITests";
				PRODUCT_NAME = "$(TARGET_NAME)";
				SDKROOT = auto;
				SUPPORTED_PLATFORMS = "iphoneos iphonesimulator macosx";
				SWIFT_EMIT_LOC_STRINGS = NO;
				SWIFT_VERSION = 5.0;
				TARGETED_DEVICE_FAMILY = "1,2";
				TEST_TARGET_NAME = mInr;
			};
			name = Release;
		};
		E8A455AA29DA9E2200941191 /* Debug */ = {
			isa = XCBuildConfiguration;
			buildSettings = {
				ASSETCATALOG_COMPILER_GLOBAL_ACCENT_COLOR_NAME = AccentColor;
				ASSETCATALOG_COMPILER_WIDGET_BACKGROUND_COLOR_NAME = WidgetBackground;
				CODE_SIGN_ENTITLEMENTS = WidgetsExtension.entitlements;
				CODE_SIGN_STYLE = Automatic;
				CURRENT_PROJECT_VERSION = 1;
				DEVELOPMENT_TEAM = CX944Q5V5A;
				GENERATE_INFOPLIST_FILE = YES;
				INFOPLIST_FILE = Widgets/Info.plist;
				INFOPLIST_KEY_CFBundleDisplayName = Widgets;
				INFOPLIST_KEY_NSHumanReadableCopyright = "";
				IPHONEOS_DEPLOYMENT_TARGET = 16.4;
				LD_RUNPATH_SEARCH_PATHS = (
					"$(inherited)",
					"@executable_path/Frameworks",
					"@executable_path/../../Frameworks",
				);
				MARKETING_VERSION = 1.0;
				PRODUCT_BUNDLE_IDENTIFIER = "Finn-Le-Sueur.mInr.Widgets";
				PRODUCT_NAME = "$(TARGET_NAME)";
				SDKROOT = iphoneos;
				SKIP_INSTALL = YES;
				SUPPORTS_MACCATALYST = YES;
				SWIFT_EMIT_LOC_STRINGS = YES;
				SWIFT_VERSION = 5.0;
				TARGETED_DEVICE_FAMILY = "1,2";
			};
			name = Debug;
		};
		E8A455AB29DA9E2200941191 /* Release */ = {
			isa = XCBuildConfiguration;
			buildSettings = {
				ASSETCATALOG_COMPILER_GLOBAL_ACCENT_COLOR_NAME = AccentColor;
				ASSETCATALOG_COMPILER_WIDGET_BACKGROUND_COLOR_NAME = WidgetBackground;
				CODE_SIGN_ENTITLEMENTS = WidgetsExtensionRelease.entitlements;
				CODE_SIGN_STYLE = Automatic;
				CURRENT_PROJECT_VERSION = 1;
				DEVELOPMENT_TEAM = CX944Q5V5A;
				GENERATE_INFOPLIST_FILE = YES;
				INFOPLIST_FILE = Widgets/Info.plist;
				INFOPLIST_KEY_CFBundleDisplayName = Widgets;
				INFOPLIST_KEY_NSHumanReadableCopyright = "";
				IPHONEOS_DEPLOYMENT_TARGET = 16.4;
				LD_RUNPATH_SEARCH_PATHS = (
					"$(inherited)",
					"@executable_path/Frameworks",
					"@executable_path/../../Frameworks",
				);
				MARKETING_VERSION = 1.0;
				PRODUCT_BUNDLE_IDENTIFIER = "Finn-Le-Sueur.mInr.Widgets";
				PRODUCT_NAME = "$(TARGET_NAME)";
				SDKROOT = iphoneos;
				SKIP_INSTALL = YES;
				SUPPORTS_MACCATALYST = YES;
				SWIFT_EMIT_LOC_STRINGS = YES;
				SWIFT_VERSION = 5.0;
				TARGETED_DEVICE_FAMILY = "1,2";
				VALIDATE_PRODUCT = YES;
			};
			name = Release;
		};
/* End XCBuildConfiguration section */

/* Begin XCConfigurationList section */
		E81D41EA29978A8D00835797 /* Build configuration list for PBXProject "mInr" */ = {
			isa = XCConfigurationList;
			buildConfigurations = (
				E81D421729978A9000835797 /* Debug */,
				E81D421829978A9000835797 /* Release */,
			);
			defaultConfigurationIsVisible = 0;
			defaultConfigurationName = Release;
		};
		E81D421929978A9000835797 /* Build configuration list for PBXNativeTarget "mInr" */ = {
			isa = XCConfigurationList;
			buildConfigurations = (
				E81D421A29978A9000835797 /* Debug */,
				E81D421B29978A9000835797 /* Release */,
			);
			defaultConfigurationIsVisible = 0;
			defaultConfigurationName = Release;
		};
		E81D421C29978A9000835797 /* Build configuration list for PBXNativeTarget "mInrTests" */ = {
			isa = XCConfigurationList;
			buildConfigurations = (
				E81D421D29978A9000835797 /* Debug */,
				E81D421E29978A9000835797 /* Release */,
			);
			defaultConfigurationIsVisible = 0;
			defaultConfigurationName = Release;
		};
		E81D421F29978A9000835797 /* Build configuration list for PBXNativeTarget "mInrUITests" */ = {
			isa = XCConfigurationList;
			buildConfigurations = (
				E81D422029978A9000835797 /* Debug */,
				E81D422129978A9000835797 /* Release */,
			);
			defaultConfigurationIsVisible = 0;
			defaultConfigurationName = Release;
		};
		E8A455AC29DA9E2200941191 /* Build configuration list for PBXNativeTarget "WidgetsExtension" */ = {
			isa = XCConfigurationList;
			buildConfigurations = (
				E8A455AA29DA9E2200941191 /* Debug */,
				E8A455AB29DA9E2200941191 /* Release */,
			);
			defaultConfigurationIsVisible = 0;
			defaultConfigurationName = Release;
		};
/* End XCConfigurationList section */

/* Begin XCVersionGroup section */
		E81D41F629978A8D00835797 /* mInr.xcdatamodeld */ = {
			isa = XCVersionGroup;
			children = (
				E81D41F729978A8D00835797 /* mInr.xcdatamodel */,
			);
			currentVersion = E81D41F729978A8D00835797 /* mInr.xcdatamodel */;
			path = mInr.xcdatamodeld;
			sourceTree = "<group>";
			versionGroupType = wrapper.xcdatamodel;
		};
/* End XCVersionGroup section */
	};
	rootObject = E81D41E729978A8D00835797 /* Project object */;
}
